# THIS IS AN AUTOGENERATED FILE. DO NOT EDIT THIS FILE DIRECTLY.
# yarn lockfile v1


ansi-regex@^2.0.0:
  version "2.1.1"
  resolved "https://registry.yarnpkg.com/ansi-regex/-/ansi-regex-2.1.1.tgz#c3b33ab5ee360d86e0e628f0468ae7ef27d654df"

arid@^0.24.0:
  version "0.24.0"
  resolved "https://registry.yarnpkg.com/arid/-/arid-0.24.0.tgz#2fec02ebde325f7cff8d039612b00ab79fed9bc9"
  dependencies:
    arkount "^0.6.0"
    babel-runtime "^6.23.0"
    doubt "^0.25.0"

arkount@^0.6.0:
  version "0.6.0"
  resolved "https://registry.yarnpkg.com/arkount/-/arkount-0.6.0.tgz#70471cfb68d56b6373c247cecf973c63db2d7733"
  dependencies:
    babel-runtime "^6.23.0"
    doubt "^0.25.0"
    raze "^0.27.0"
    truly "^0.18.0"
    wichevr "^0.8.0"

asea@^0.13.0:
  version "0.13.0"
  resolved "https://registry.yarnpkg.com/asea/-/asea-0.13.0.tgz#80ae9421fe5614432c2324a7850ea13184242277"
  dependencies:
    babel-runtime "^6.23.0"
    harden "^0.21.0"

ate@^0.16.0:
  version "0.16.0"
  resolved "https://registry.yarnpkg.com/ate/-/ate-0.16.0.tgz#ffcfd019a542ce57f8fe68e3e3da1a4a84687e24"
  dependencies:
    babel-runtime "^6.23.0"
    falzy "^0.19.0"
    protype "^0.21.0"
    zelf "^0.11.0"

babel-runtime@^6.23.0:
  version "6.23.0"
  resolved "https://registry.yarnpkg.com/babel-runtime/-/babel-runtime-6.23.0.tgz#0a9489f144de70efb3ce4300accdb329e2fc543b"
  dependencies:
    core-js "^2.4.0"
    regenerator-runtime "^0.10.0"

budge@^0.23.0:
  version "0.23.0"
  resolved "https://registry.yarnpkg.com/budge/-/budge-0.23.0.tgz#d4a1a8fd809df5249a9aa7047e8809117ab277cb"
  dependencies:
    arkount "^0.6.0"
    babel-runtime "^6.23.0"
    depher "^0.28.0"
    doubt "^0.25.0"
    raze "^0.27.0"

builtin-modules@^1.0.0:
  version "1.1.1"
  resolved "https://registry.yarnpkg.com/builtin-modules/-/builtin-modules-1.1.1.tgz#270f076c5a72c02f5b65a47df94c5fe3a278892f"

called@^0.23.0:
  version "0.23.0"
  resolved "https://registry.yarnpkg.com/called/-/called-0.23.0.tgz#0f07f42e138057401226afdaec394efda53debeb"
  dependencies:
    babel-runtime "^6.23.0"
    depher "^0.28.0"
    harden "^0.21.0"
    kloak "^0.17.0"
    raze "^0.27.0"
    wichevr "^0.8.0"
    zelf "^0.11.0"

camelcase@^3.0.0:
  version "3.0.0"
  resolved "https://registry.yarnpkg.com/camelcase/-/camelcase-3.0.0.tgz#32fc4b9fcdaf845fcdf7e73bb97cac2261f0ab0a"

cemento@^0.15.0:
  version "0.15.0"
  resolved "https://registry.yarnpkg.com/cemento/-/cemento-0.15.0.tgz#77fe5818c3c67975d47f974df052bea9739ff5a5"
  dependencies:
    babel-runtime "^6.23.0"
    harden "^0.21.0"
    kount "^0.10.0"

circular-json@^0.3.1:
  version "0.3.1"
  resolved "https://registry.yarnpkg.com/circular-json/-/circular-json-0.3.1.tgz#be8b36aefccde8b3ca7aa2d6afc07a37242c0d2d"

clazof@^0.22.0:
  version "0.22.0"
  resolved "https://registry.yarnpkg.com/clazof/-/clazof-0.22.0.tgz#93c98151089eaf3d02c1c37afa2f7eef8d130fd6"
  dependencies:
    babel-runtime "^6.23.0"
    falzy "^0.19.0"
    portel "^0.3.0"
    protype "^0.21.0"
    raze "^0.27.0"
    stringe "^0.2.0"
    wauker "^0.9.0"

cliui@^3.2.0:
  version "3.2.0"
  resolved "https://registry.yarnpkg.com/cliui/-/cliui-3.2.0.tgz#120601537a916d29940f934da3b48d585a39213d"
  dependencies:
    string-width "^1.0.1"
    strip-ansi "^3.0.1"
    wrap-ansi "^2.0.0"

code-point-at@^1.0.0:
  version "1.1.0"
  resolved "https://registry.yarnpkg.com/code-point-at/-/code-point-at-1.1.0.tgz#0d070b4d043a5bea33a2f1a40e2edb3d9a4ccf77"

core-js@^2.4.0:
  version "2.4.1"
  resolved "https://registry.yarnpkg.com/core-js/-/core-js-2.4.1.tgz#4de911e667b0eae9124e34254b53aea6fc618d3e"

decamelize@^1.1.1:
  version "1.2.0"
  resolved "https://registry.yarnpkg.com/decamelize/-/decamelize-1.2.0.tgz#f6534d15148269b20352e7bee26f501f9a191290"

decrease@^0.21.0:
  version "0.21.0"
  resolved "https://registry.yarnpkg.com/decrease/-/decrease-0.21.0.tgz#2ec78ea8ce2a1eb43d56247088f5a2f2cfc92541"
  dependencies:
    arkount "^0.6.0"
    babel-runtime "^6.23.0"
    doubt "^0.25.0"
    falzy "^0.19.0"
    protype "^0.21.0"
    raze "^0.27.0"
    truly "^0.18.0"

dephall@^0.26.0:
  version "0.26.0"
  resolved "https://registry.yarnpkg.com/dephall/-/dephall-0.26.0.tgz#80200837a085b7f15b9f20eeac6947c7546c098e"
  dependencies:
    arid "^0.24.0"
    babel-runtime "^6.23.0"
    doubt "^0.25.0"
    falze "^0.21.0"
    leveld "^0.1.0"
    pyck "^0.24.0"
    raze "^0.27.0"
    truly "^0.18.0"
    zelf "^0.11.0"

depher@^0.28.0:
  version "0.28.0"
  resolved "https://registry.yarnpkg.com/depher/-/depher-0.28.0.tgz#4c767c0e1e6f357662632a9e3079cc412438d249"
  dependencies:
    babel-runtime "^6.23.0"
    dephall "^0.26.0"
    doubt "^0.25.0"
    falze "^0.21.0"
    raze "^0.27.0"
    zelf "^0.11.0"

doubt@^0.25.0:
  version "0.25.0"
  resolved "https://registry.yarnpkg.com/doubt/-/doubt-0.25.0.tgz#81d38fcd79cb642c1d292421ac1f47f902f49616"
  dependencies:
    babel-runtime "^6.23.0"
    cemento "^0.15.0"
    circular-json "^0.3.1"
    falzy "^0.19.0"
    harden "^0.21.0"
    khount "^0.0.0"
    protype "^0.21.0"
    stringe "^0.2.0"

een@^0.17.0:
  version "0.17.0"
  resolved "https://registry.yarnpkg.com/een/-/een-0.17.0.tgz#b10641275eadf5bb77e6e30d39ee12fadb95ce32"
  dependencies:
    babel-runtime "^6.23.0"
    doubt "^0.25.0"
    eqe "^0.1.0"
    protype "^0.21.0"
    raze "^0.27.0"
    truly "^0.18.0"

empt@^0.21.0:
  version "0.21.0"
  resolved "https://registry.yarnpkg.com/empt/-/empt-0.21.0.tgz#256b842b0c176ad41abe8909c5d2fe996c516d6c"
  dependencies:
    babel-runtime "^6.23.0"
    doubt "^0.25.0"
    kount "^0.10.0"
    protype "^0.21.0"

eqe@^0.1.0:
  version "0.1.0"
  resolved "https://registry.yarnpkg.com/eqe/-/eqe-0.1.0.tgz#ede001bd233ce9b284300c3762cc6e4f96242bf6"
  dependencies:
    babel-runtime "^6.23.0"
    nafe "^0.1.0"
    protype "^0.21.0"
    stringe "^0.2.0"

error-ex@^1.2.0:
  version "1.3.1"
  resolved "https://registry.yarnpkg.com/error-ex/-/error-ex-1.3.1.tgz#f855a86ce61adc4e8621c3cda21e7a7612c3a8dc"
  dependencies:
    is-arrayish "^0.2.1"

falze@^0.21.0:
  version "0.21.0"
  resolved "https://registry.yarnpkg.com/falze/-/falze-0.21.0.tgz#ecfa07753f31da47d7c62e9b4299928746680146"
  dependencies:
    arid "^0.24.0"
    babel-runtime "^6.23.0"
    doubt "^0.25.0"
    empt "^0.21.0"
    falzy "^0.19.0"
    protype "^0.21.0"

falzy@^0.19.0:
  version "0.19.0"
  resolved "https://registry.yarnpkg.com/falzy/-/falzy-0.19.0.tgz#772829b05585450ca5b1a9436de0ff40cf5819cb"
  dependencies:
    babel-runtime "^6.23.0"

filled@^0.20.0:
  version "0.20.0"
  resolved "https://registry.yarnpkg.com/filled/-/filled-0.20.0.tgz#4fa445982b4cdef8cf4a1ed8707a568dbc4c4523"
  dependencies:
    arkount "^0.6.0"
    babel-runtime "^6.23.0"
    doubt "^0.25.0"

find-up@^1.0.0:
  version "1.1.2"
  resolved "https://registry.yarnpkg.com/find-up/-/find-up-1.1.2.tgz#6b2e9822b1a2ce0a60ab64d610eccad53cb24d0f"
  dependencies:
    path-exists "^2.0.0"
    pinkie-promise "^2.0.0"

get-caller-file@^1.0.1:
  version "1.0.2"
  resolved "https://registry.yarnpkg.com/get-caller-file/-/get-caller-file-1.0.2.tgz#f702e63127e7e231c160a80c1554acb70d5047e5"

gnaw@^0.12.0:
  version "0.12.0"
  resolved "https://registry.yarnpkg.com/gnaw/-/gnaw-0.12.0.tgz#9a463bb08b9e4726e0f820e3c2032d7f62558851"
  dependencies:
    clazof "^0.22.0"
    depher "^0.28.0"
    falzy "^0.19.0"
    harden "^0.21.0"
    letgo "^0.26.0"
    optall "^0.18.0"
    protype "^0.21.0"
    raze "^0.27.0"
    truly "^0.18.0"
    zelf "^0.11.0"

graceful-fs@^4.1.2:
  version "4.1.11"
  resolved "https://registry.yarnpkg.com/graceful-fs/-/graceful-fs-4.1.11.tgz#0e8bdfe4d1ddb8854d64e04ea7c00e2a026e5658"

harden@^0.21.0:
  version "0.21.0"
  resolved "https://registry.yarnpkg.com/harden/-/harden-0.21.0.tgz#c3ca5e255e440fc5e6e996acb21515bb892bff49"
  dependencies:
    babel-runtime "^6.23.0"

hosted-git-info@^2.1.4:
  version "2.4.2"
  resolved "https://registry.yarnpkg.com/hosted-git-info/-/hosted-git-info-2.4.2.tgz#0076b9f46a270506ddbaaea56496897460612a67"

impel@^0.12.0:
  version "0.12.0"
  resolved "https://registry.yarnpkg.com/impel/-/impel-0.12.0.tgz#aabe666b91d699fcfcf43322353a81573e46133e"
  dependencies:
    babel-runtime "^6.23.0"
    falzy "^0.19.0"
    protype "^0.21.0"
    zelf "^0.11.0"

invert-kv@^1.0.0:
  version "1.0.0"
  resolved "https://registry.yarnpkg.com/invert-kv/-/invert-kv-1.0.0.tgz#104a8e4aaca6d3d8cd157a8ef8bfab2d7a3ffdb6"

is-arrayish@^0.2.1:
  version "0.2.1"
  resolved "https://registry.yarnpkg.com/is-arrayish/-/is-arrayish-0.2.1.tgz#77c99840527aa8ecb1a8ba697b80645a7a926a9d"

is-builtin-module@^1.0.0:
  version "1.0.0"
  resolved "https://registry.yarnpkg.com/is-builtin-module/-/is-builtin-module-1.0.0.tgz#540572d34f7ac3119f8f76c30cbc1b1e037affbe"
  dependencies:
    builtin-modules "^1.0.0"

is-fullwidth-code-point@^1.0.0:
  version "1.0.0"
  resolved "https://registry.yarnpkg.com/is-fullwidth-code-point/-/is-fullwidth-code-point-1.0.0.tgz#ef9e31386f031a7f0d643af82fde50c457ef00cb"
  dependencies:
    number-is-nan "^1.0.0"

is-utf8@^0.2.0:
  version "0.2.1"
  resolved "https://registry.yarnpkg.com/is-utf8/-/is-utf8-0.2.1.tgz#4b0da1442104d1b336340e80797e865cf39f7d72"

kein@^0.17.0:
  version "0.17.0"
  resolved "https://registry.yarnpkg.com/kein/-/kein-0.17.0.tgz#01ec4bbbd176ada9cab3e9f7349522093e0dd476"
  dependencies:
    babel-runtime "^6.23.0"
    falzy "^0.19.0"
    portel "^0.3.0"
    protype "^0.21.0"
    zelf "^0.11.0"

khount@^0.0.0:
  version "0.0.0"
  resolved "https://registry.yarnpkg.com/khount/-/khount-0.0.0.tgz#7c7f369ae5d0ef5499dca14eeb168bb4b4b29e6d"
  dependencies:
    babel-runtime "^6.23.0"

kloak@^0.17.0:
  version "0.17.0"
  resolved "https://registry.yarnpkg.com/kloak/-/kloak-0.17.0.tgz#56835d71be545823324c9a8e1b01c7b9136421af"
  dependencies:
    ate "^0.16.0"
    babel-runtime "^6.23.0"
    eqe "^0.1.0"
    falzy "^0.19.0"
    harden "^0.21.0"
    impel "^0.12.0"
    protype "^0.21.0"
    transpher "^0.19.0"
    truly "^0.18.0"
    wichevr "^0.8.0"

kount@^0.10.0:
  version "0.10.0"
  resolved "https://registry.yarnpkg.com/kount/-/kount-0.10.0.tgz#92f6dc18a5c8e8844e29a93aec268b58ad92f53b"
  dependencies:
    babel-runtime "^6.23.0"

lcid@^1.0.0:
  version "1.0.0"
  resolved "https://registry.yarnpkg.com/lcid/-/lcid-1.0.0.tgz#308accafa0bc483a3867b4b6f2b9506251d1b835"
  dependencies:
    invert-kv "^1.0.0"

letgo@^0.26.0:
  version "0.26.0"
  resolved "https://registry.yarnpkg.com/letgo/-/letgo-0.26.0.tgz#6b8c4d53365b4d377746745773441801d6a266d1"
  dependencies:
    arid "^0.24.0"
    babel-runtime "^6.23.0"
    budge "^0.23.0"
    called "^0.23.0"
    depher "^0.28.0"
    filled "^0.20.0"
    harden "^0.21.0"
    protype "^0.21.0"
    truly "^0.18.0"
    zelf "^0.11.0"

leveld@^0.1.0:
  version "0.1.0"
  resolved "https://registry.yarnpkg.com/leveld/-/leveld-0.1.0.tgz#b8205546fed2cee009456ac6caba905694a743c6"
  dependencies:
    arid "^0.24.0"
    babel-runtime "^6.23.0"
    decrease "^0.21.0"
    doubt "^0.25.0"
    falzy "^0.19.0"
    protype "^0.21.0"
    raze "^0.27.0"

load-json-file@^1.0.0:
  version "1.1.0"
  resolved "https://registry.yarnpkg.com/load-json-file/-/load-json-file-1.1.0.tgz#956905708d58b4bab4c2261b04f59f31c99374c0"
  dependencies:
    graceful-fs "^4.1.2"
    parse-json "^2.2.0"
    pify "^2.0.0"
    pinkie-promise "^2.0.0"
    strip-bom "^2.0.0"

nafe@^0.1.0:
  version "0.1.0"
  resolved "https://registry.yarnpkg.com/nafe/-/nafe-0.1.0.tgz#8dedbc0888f79338cac0dab76e24431559ce8fed"
  dependencies:
    babel-runtime "^6.23.0"
    falzy "^0.19.0"
    protype "^0.21.0"
    stringe "^0.2.0"

normalize-package-data@^2.3.2:
  version "2.3.6"
  resolved "https://registry.yarnpkg.com/normalize-package-data/-/normalize-package-data-2.3.6.tgz#498fa420c96401f787402ba21e600def9f981fff"
  dependencies:
    hosted-git-info "^2.1.4"
    is-builtin-module "^1.0.0"
    semver "2 || 3 || 4 || 5"
    validate-npm-package-license "^3.0.1"

number-is-nan@^1.0.0:
  version "1.0.1"
  resolved "https://registry.yarnpkg.com/number-is-nan/-/number-is-nan-1.0.1.tgz#097b602b53422a522c1afb8790318336941a011d"

numric@^0.13.0:
  version "0.13.0"
  resolved "https://registry.yarnpkg.com/numric/-/numric-0.13.0.tgz#6a2744789fd3b9acc06bbcb25b613ffd2486eb79"
  dependencies:
    babel-runtime "^6.23.0"
    protype "^0.21.0"
    stringe "^0.2.0"
    truly "^0.18.0"

optall@^0.18.0:
  version "0.18.0"
  resolved "https://registry.yarnpkg.com/optall/-/optall-0.18.0.tgz#9a8eb5e9c749f168d519e974d1649e8ca1cf3a74"
  dependencies:
    babel-runtime "^6.23.0"
    doubt "^0.25.0"
    falze "^0.21.0"
    protype "^0.21.0"
    pyck "^0.24.0"
    zelf "^0.11.0"

os-locale@^1.4.0:
  version "1.4.0"
  resolved "https://registry.yarnpkg.com/os-locale/-/os-locale-1.4.0.tgz#20f9f17ae29ed345e8bde583b13d2009803c14d9"
  dependencies:
    lcid "^1.0.0"

parse-json@^2.2.0:
  version "2.2.0"
  resolved "https://registry.yarnpkg.com/parse-json/-/parse-json-2.2.0.tgz#f480f40434ef80741f8469099f8dea18f55a4dc9"
  dependencies:
    error-ex "^1.2.0"

path-exists@^2.0.0:
  version "2.1.0"
  resolved "https://registry.yarnpkg.com/path-exists/-/path-exists-2.1.0.tgz#0feb6c64f0fc518d9a754dd5efb62c7022761f4b"
  dependencies:
    pinkie-promise "^2.0.0"

path-type@^1.0.0:
  version "1.1.0"
  resolved "https://registry.yarnpkg.com/path-type/-/path-type-1.1.0.tgz#59c44f7ee491da704da415da5a4070ba4f8fe441"
  dependencies:
    graceful-fs "^4.1.2"
    pify "^2.0.0"
    pinkie-promise "^2.0.0"

pify@^2.0.0:
  version "2.3.0"
  resolved "https://registry.yarnpkg.com/pify/-/pify-2.3.0.tgz#ed141a6ac043a849ea588498e7dca8b15330e90c"

pinkie-promise@^2.0.0:
  version "2.0.1"
  resolved "https://registry.yarnpkg.com/pinkie-promise/-/pinkie-promise-2.0.1.tgz#2135d6dfa7a358c069ac9b178776288228450ffa"
  dependencies:
    pinkie "^2.0.0"

pinkie@^2.0.0:
  version "2.0.4"
  resolved "https://registry.yarnpkg.com/pinkie/-/pinkie-2.0.4.tgz#72556b80cfa0d48a974e80e77248e80ed4f7f870"

portel@^0.3.0:
  version "0.3.0"
  resolved "https://registry.yarnpkg.com/portel/-/portel-0.3.0.tgz#532b5817ce5c1697fc65e34ca7eadb28c8e6152c"
  dependencies:
    babel-runtime "^6.23.0"
    protype "^0.21.0"

protease@^0.16.0:
  version "0.16.0"
  resolved "https://registry.yarnpkg.com/protease/-/protease-0.16.0.tgz#1fd591607a5061f8060cc2f827ebe9691c658e15"
  dependencies:
    babel-runtime "^6.23.0"
    falzy "^0.19.0"
    harden "^0.21.0"
    kein "^0.17.0"
    protype "^0.21.0"

protype@^0.21.0:
  version "0.21.0"
  resolved "https://registry.yarnpkg.com/protype/-/protype-0.21.0.tgz#958452abbaa6daaa8e79386179b220477e2dca7c"
  dependencies:
    babel-runtime "^6.23.0"
    cemento "^0.15.0"
    harden "^0.21.0"

pyck@^0.24.0:
  version "0.24.0"
  resolved "https://registry.yarnpkg.com/pyck/-/pyck-0.24.0.tgz#e2d2264de623d570db52ce5cf5b9c4e4516d5645"
  dependencies:
    babel-runtime "^6.23.0"
    clazof "^0.22.0"
    doubt "^0.25.0"
    falzy "^0.19.0"
    protype "^0.21.0"
    raze "^0.27.0"
    truly "^0.18.0"
    zelf "^0.11.0"

raze@^0.27.0:
  version "0.27.0"
  resolved "https://registry.yarnpkg.com/raze/-/raze-0.27.0.tgz#f851bba1b6709489e22603258ca474b4c2d4db54"
  dependencies:
    babel-runtime "^6.23.0"
    doubt "^0.25.0"
    falzy "^0.19.0"

read-pkg-up@^1.0.1:
  version "1.0.1"
  resolved "https://registry.yarnpkg.com/read-pkg-up/-/read-pkg-up-1.0.1.tgz#9d63c13276c065918d57f002a57f40a1b643fb02"
  dependencies:
    find-up "^1.0.0"
    read-pkg "^1.0.0"

read-pkg@^1.0.0:
  version "1.1.0"
  resolved "https://registry.yarnpkg.com/read-pkg/-/read-pkg-1.1.0.tgz#f5ffaa5ecd29cb31c0474bca7d756b6bb29e3f28"
  dependencies:
    load-json-file "^1.0.0"
    normalize-package-data "^2.3.2"
    path-type "^1.0.0"

regenerator-runtime@^0.10.0:
  version "0.10.3"
  resolved "https://registry.yarnpkg.com/regenerator-runtime/-/regenerator-runtime-0.10.3.tgz#8c4367a904b51ea62a908ac310bf99ff90a82a3e"

require-directory@^2.1.1:
  version "2.1.1"
  resolved "https://registry.yarnpkg.com/require-directory/-/require-directory-2.1.1.tgz#8c64ad5fd30dab1c976e2344ffe7f792a6a6df42"

require-main-filename@^1.0.1:
  version "1.0.1"
  resolved "https://registry.yarnpkg.com/require-main-filename/-/require-main-filename-1.0.1.tgz#97f717b69d48784f5f526a6c5aa8ffdda055a4d1"

"semver@2 || 3 || 4 || 5":
  version "5.3.0"
  resolved "https://registry.yarnpkg.com/semver/-/semver-5.3.0.tgz#9b2ce5d3de02d17c6012ad326aa6b4d0cf54f94f"

set-blocking@^2.0.0:
  version "2.0.0"
  resolved "https://registry.yarnpkg.com/set-blocking/-/set-blocking-2.0.0.tgz#045f9782d011ae9a6803ddd382b24392b3d890f7"

spdx-correct@~1.0.0:
  version "1.0.2"
  resolved "https://registry.yarnpkg.com/spdx-correct/-/spdx-correct-1.0.2.tgz#4b3073d933ff51f3912f03ac5519498a4150db40"
  dependencies:
    spdx-license-ids "^1.0.2"

spdx-expression-parse@~1.0.0:
  version "1.0.4"
  resolved "https://registry.yarnpkg.com/spdx-expression-parse/-/spdx-expression-parse-1.0.4.tgz#9bdf2f20e1f40ed447fbe273266191fced51626c"

spdx-license-ids@^1.0.2:
  version "1.2.2"
  resolved "https://registry.yarnpkg.com/spdx-license-ids/-/spdx-license-ids-1.2.2.tgz#c9df7a3424594ade6bd11900d596696dc06bac57"

string-width@^1.0.1, string-width@^1.0.2:
  version "1.0.2"
  resolved "https://registry.yarnpkg.com/string-width/-/string-width-1.0.2.tgz#118bdf5b8cdc51a2a7e70d211e07e2b0b9b107d3"
  dependencies:
    code-point-at "^1.0.0"
    is-fullwidth-code-point "^1.0.0"
    strip-ansi "^3.0.0"

stringe@^0.2.0:
  version "0.2.0"
  resolved "https://registry.yarnpkg.com/stringe/-/stringe-0.2.0.tgz#0e7dabe11258cdcf5d7e0ce5e4a1a9d043936a0e"
  dependencies:
    babel-runtime "^6.23.0"

strip-ansi@^3.0.0, strip-ansi@^3.0.1:
  version "3.0.1"
  resolved "https://registry.yarnpkg.com/strip-ansi/-/strip-ansi-3.0.1.tgz#6a385fb8853d952d5ff05d0e8aaf94278dc63dcf"
  dependencies:
    ansi-regex "^2.0.0"

strip-bom@^2.0.0:
  version "2.0.0"
  resolved "https://registry.yarnpkg.com/strip-bom/-/strip-bom-2.0.0.tgz#6219a85616520491f35788bdbf1447a99c7e6b0e"
  dependencies:
    is-utf8 "^0.2.0"

transpher@^0.19.0:
  version "0.19.0"
  resolved "https://registry.yarnpkg.com/transpher/-/transpher-0.19.0.tgz#545b09e95f5c11c6e52f058c9c5c55efbac9da81"
  dependencies:
    ate "^0.16.0"
    babel-runtime "^6.23.0"
    depher "^0.28.0"
    falzy "^0.19.0"
    kein "^0.17.0"

truly@^0.18.0:
  version "0.18.0"
  resolved "https://registry.yarnpkg.com/truly/-/truly-0.18.0.tgz#333c3f312083e31bbc601ccb95919ddafb14f4e3"
  dependencies:
    babel-runtime "^6.23.0"

validate-npm-package-license@^3.0.1:
  version "3.0.1"
  resolved "https://registry.yarnpkg.com/validate-npm-package-license/-/validate-npm-package-license-3.0.1.tgz#2804babe712ad3379459acfbe24746ab2c303fbc"
  dependencies:
    spdx-correct "~1.0.0"
    spdx-expression-parse "~1.0.0"

wauker@^0.9.0:
  version "0.9.0"
  resolved "https://registry.yarnpkg.com/wauker/-/wauker-0.9.0.tgz#0efbbc2292fadbe4dad5f712a37fcd5590ef614d"
  dependencies:
    babel-runtime "^6.23.0"
    een "^0.17.0"
    falzy "^0.19.0"
    protease "^0.16.0"
    protype "^0.21.0"

which-module@^1.0.0:
  version "1.0.0"
  resolved "https://registry.yarnpkg.com/which-module/-/which-module-1.0.0.tgz#bba63ca861948994ff307736089e3b96026c2a4f"

wichevr@^0.8.0:
  version "0.8.0"
  resolved "https://registry.yarnpkg.com/wichevr/-/wichevr-0.8.0.tgz#33dd61a476ccf9a844be0d0e11afdad9f6a9b16a"
  dependencies:
    babel-runtime "^6.23.0"
    raze "^0.27.0"
    truly "^0.18.0"

wrap-ansi@^2.0.0:
  version "2.1.0"
  resolved "https://registry.yarnpkg.com/wrap-ansi/-/wrap-ansi-2.1.0.tgz#d8fc3d284dd05794fe84973caecdd1cf824fdd85"
  dependencies:
    string-width "^1.0.1"
    strip-ansi "^3.0.1"

y18n@^3.2.1:
  version "3.2.1"
  resolved "https://registry.yarnpkg.com/y18n/-/y18n-3.2.1.tgz#6d15fba884c08679c0d77e88e7759e811e07fa41"

yargs-parser@^5.0.0:
  version "5.0.0"
  resolved "https://registry.yarnpkg.com/yargs-parser/-/yargs-parser-5.0.0.tgz#275ecf0d7ffe05c77e64e7c86e4cd94bf0e1228a"
  dependencies:
    camelcase "^3.0.0"

yargs@^7.1.0:
  version "7.1.0"
  resolved "https://registry.yarnpkg.com/yargs/-/yargs-7.1.0.tgz#6ba318eb16961727f5d284f8ea003e8d6154d0c8"
  dependencies:
    camelcase "^3.0.0"
    cliui "^3.2.0"
    decamelize "^1.1.1"
    get-caller-file "^1.0.1"
    os-locale "^1.4.0"
    read-pkg-up "^1.0.1"
    require-directory "^2.1.1"
    require-main-filename "^1.0.1"
    set-blocking "^2.0.0"
    string-width "^1.0.2"
    which-module "^1.0.0"
    y18n "^3.2.1"
    yargs-parser "^5.0.0"

zelf@^0.11.0:
  version "0.11.0"
  resolved "https://registry.yarnpkg.com/zelf/-/zelf-0.11.0.tgz#ff6967b0206f8de00354dd439eb98cc4c5a4415d"
  dependencies:
    asea "^0.13.0"
    babel-runtime "^6.23.0"
