# THIS IS AN AUTOGENERATED FILE. DO NOT EDIT THIS FILE DIRECTLY.
# yarn lockfile v1


allkey@^0.2.0:
  version "0.2.0"
  resolved "https://registry.yarnpkg.com/allkey/-/allkey-0.2.0.tgz#ae3048894ed457b74591a0f51c234d2797363faa"
  dependencies:
    babel-runtime "^6.23.0"
    doubt "^0.26.0"
    kein "^0.25.0"
    portel "^0.3.0"
    raze "^0.29.0"

annon@^0.6.0:
  version "0.6.0"
  resolved "https://registry.yarnpkg.com/annon/-/annon-0.6.0.tgz#711d7462e8d8fb0678a7ce34e9a4a5ef94be71cf"
  dependencies:
    babel-runtime "^6.23.0"
    falzy "^0.19.0"
    fnamed "^0.8.0"
    protype "^0.21.0"

ansi-regex@^5.0.0:
  version "5.0.1"
  resolved "https://registry.yarnpkg.com/ansi-regex/-/ansi-regex-5.0.1.tgz#082cb2c89c9fe8659a311a53bd6a4dc5301db304"
  integrity sha512-quJQXlTSUGL2LH9SUXo8VwsY4soanhgo6LNSm84E1LBcE8s3O0wpdiRzyR9z/ZZJMlMWv37qOOb9pdJlMUEKFQ==

ansi-styles@^4.0.0:
  version "4.3.0"
  resolved "https://registry.yarnpkg.com/ansi-styles/-/ansi-styles-4.3.0.tgz#edd803628ae71c04c85ae7a0906edad34b648937"
  integrity sha512-zbB9rCJAT1rbjiVDb2hqKFHNYLxgtk8NURxZ3IZwD3F6NtxbXZQCnnSi1Lkx+IDohdPlFp222wVALIheZJQSEg==
  dependencies:
    color-convert "^2.0.1"

anykey@^0.2.0:
  version "0.2.0"
  resolved "https://registry.yarnpkg.com/anykey/-/anykey-0.2.0.tgz#14054adbdf56a8de495992826038edf8ba475cfc"
  dependencies:
    babel-runtime "^6.23.0"
    doubt "^0.26.0"
    kein "^0.25.0"
    portel "^0.3.0"
    raze "^0.29.0"

arid@^0.25.0:
  version "0.25.0"
  resolved "https://registry.yarnpkg.com/arid/-/arid-0.25.0.tgz#07e45857c84271509ec6475999445be03c5ad965"
  dependencies:
    arkount "^0.7.0"
    babel-runtime "^6.23.0"
    doubt "^0.26.0"

arkount@^0.7.0:
  version "0.7.0"
  resolved "https://registry.yarnpkg.com/arkount/-/arkount-0.7.0.tgz#781b3053521c58ffc7346b84ff89926e8d77b5b6"
  dependencies:
    babel-runtime "^6.23.0"
    doubt "^0.26.0"
    raze "^0.29.0"
    truly "^0.18.0"
    wichevr "^0.9.0"

asea@^0.13.0:
  version "0.13.0"
  resolved "https://registry.yarnpkg.com/asea/-/asea-0.13.0.tgz#80ae9421fe5614432c2324a7850ea13184242277"
  dependencies:
    babel-runtime "^6.23.0"
    harden "^0.21.0"

asyum@^0.5.0:
  version "0.5.0"
  resolved "https://registry.yarnpkg.com/asyum/-/asyum-0.5.0.tgz#1b40fab4ad01bb6793ca91b8cb1b13a22cd4442f"
  dependencies:
    annon "^0.6.0"
    babel-runtime "^6.23.0"
    doubt "^0.26.0"
    fname "^0.8.0"
    protype "^0.21.0"
    wichevr "^0.9.0"

babel-runtime@^6.23.0:
  version "6.23.0"
  resolved "https://registry.yarnpkg.com/babel-runtime/-/babel-runtime-6.23.0.tgz#0a9489f144de70efb3ce4300accdb329e2fc543b"
  dependencies:
    core-js "^2.4.0"
    regenerator-runtime "^0.10.0"

budge@^0.28.0:
  version "0.28.0"
  resolved "https://registry.yarnpkg.com/budge/-/budge-0.28.0.tgz#aa6e7f6c1353f4c9e59140f833e151bbab6a40b8"
  dependencies:
    babel-runtime "^6.23.0"
    depher "^0.32.0"
    doubt "^0.26.0"
    raze "^0.29.0"

burne@^0.1.0:
  version "0.1.0"
  resolved "https://registry.yarnpkg.com/burne/-/burne-0.1.0.tgz#c78bcdbb201975cbcb8b032292fe7243545131f0"
  dependencies:
    babel-runtime "^6.23.0"
    falzy "^0.19.0"
    impel "^0.14.0"
    protype "^0.21.0"
    wichevr "^0.9.0"
    zelf "^0.11.0"

cagd@^0.1.0:
  version "0.1.0"
  resolved "https://registry.yarnpkg.com/cagd/-/cagd-0.1.0.tgz#8bcf46f82944b4062466584e898111a311eceb7d"
  dependencies:
    babel-runtime "^6.23.0"
    falzy "^0.19.0"
    protype "^0.21.0"
    wichevr "^0.9.0"
    zelf "^0.11.0"

called@^0.26.0:
  version "0.26.0"
  resolved "https://registry.yarnpkg.com/called/-/called-0.26.0.tgz#666dfbc8da84b08cd19e174e9e289408c8f3a8cc"
  dependencies:
    babel-runtime "^6.23.0"
    depher "^0.32.0"
    harden "^0.21.0"
    kloak "^0.22.0"
    raze "^0.29.0"
    wichevr "^0.9.0"
    zelf "^0.11.0"

camelcase@^5.0.0:
  version "5.3.1"
  resolved "https://registry.yarnpkg.com/camelcase/-/camelcase-5.3.1.tgz#e3c9b31569e106811df242f715725a1f4c494320"
  integrity sha512-L28STB170nwWS63UjtlEOE3dldQApaJXZkOI1uMFfzf3rRuPegHaHesyee+YxQ+W6SvRDQV6UrdOdRiR153wJg==

cemento@^0.15.0:
  version "0.15.0"
  resolved "https://registry.yarnpkg.com/cemento/-/cemento-0.15.0.tgz#77fe5818c3c67975d47f974df052bea9739ff5a5"
  dependencies:
    babel-runtime "^6.23.0"
    harden "^0.21.0"
    kount "^0.10.0"

circular-json@^0.3.1:
  version "0.3.1"
  resolved "https://registry.yarnpkg.com/circular-json/-/circular-json-0.3.1.tgz#be8b36aefccde8b3ca7aa2d6afc07a37242c0d2d"

clazof@^0.27.0:
  version "0.27.0"
  resolved "https://registry.yarnpkg.com/clazof/-/clazof-0.27.0.tgz#30c45e3cd06455f567e0a8a5285f41df0abf7a3f"
  dependencies:
    babel-runtime "^6.23.0"
    falzy "^0.19.0"
    fname "^0.8.0"
    portel "^0.3.0"
    protype "^0.21.0"
    raze "^0.29.0"
    stringe "^0.3.0"
    wauker "^0.14.0"

cliui@^6.0.0:
  version "6.0.0"
  resolved "https://registry.yarnpkg.com/cliui/-/cliui-6.0.0.tgz#511d702c0c4e41ca156d7d0e96021f23e13225b1"
  integrity sha512-t6wbgtoCXvAzst7QgXxJYqPt0usEfbgQdftEPbLL/cvv6HPE5VgvqCuAIDR0NgU52ds6rFwqrgakNLrHEjCbrQ==
  dependencies:
    string-width "^4.2.0"
    strip-ansi "^6.0.0"
    wrap-ansi "^6.2.0"

cnfgrble@^0.3.0:
  version "0.3.0"
  resolved "https://registry.yarnpkg.com/cnfgrble/-/cnfgrble-0.3.0.tgz#662b3c3cf2b860ca60e7647a52a58866ca7d106d"
  dependencies:
    asyum "^0.5.0"
    babel-runtime "^6.23.0"
    dscrb "^0.3.0"
    zelf "^0.11.0"

color-convert@^2.0.1:
  version "2.0.1"
  resolved "https://registry.yarnpkg.com/color-convert/-/color-convert-2.0.1.tgz#72d3a68d598c9bdb3af2ad1e84f21d896abd4de3"
  integrity sha512-RRECPsj7iu/xb5oKYcsFHSppFNnsj/52OVTRKb4zP5onXwVF3zVmmToNcOfGC+CRDpfK/U584fMg38ZHCaElKQ==
  dependencies:
    color-name "~1.1.4"

color-name@~1.1.4:
  version "1.1.4"
  resolved "https://registry.yarnpkg.com/color-name/-/color-name-1.1.4.tgz#c2a09a87acbde69543de6f63fa3995c826c536a2"
  integrity sha512-dOy+3AuW3a2wNbZHIuMZpTcgjGuLU/uBL/ubcZF9OXbDo8ff4O8yVp5Bf0efS8uEoYo5q4Fx7dY9OgQGXgAsQA==

coprop@^0.3.0:
  version "0.3.0"
  resolved "https://registry.yarnpkg.com/coprop/-/coprop-0.3.0.tgz#e2e10628a22c99b956f071e46c75bfe4795e1f62"
  dependencies:
    asyum "^0.5.0"
    babel-runtime "^6.23.0"
    cnfgrble "^0.3.0"
    defyn "^0.3.0"
    dscrb "^0.3.0"
    falzy "^0.19.0"
    kein "^0.25.0"
    protype "^0.21.0"
    wrtble "^0.3.0"

core-js@^2.4.0:
  version "2.4.1"
  resolved "https://registry.yarnpkg.com/core-js/-/core-js-2.4.1.tgz#4de911e667b0eae9124e34254b53aea6fc618d3e"

decamelize@^1.2.0:
  version "1.2.0"
  resolved "https://registry.yarnpkg.com/decamelize/-/decamelize-1.2.0.tgz#f6534d15148269b20352e7bee26f501f9a191290"
  integrity sha1-9lNNFRSCabIDUue+4m9QH5oZEpA=

decrease@^0.23.0:
  version "0.23.0"
  resolved "https://registry.yarnpkg.com/decrease/-/decrease-0.23.0.tgz#404ec2146a18fa2fcad603eb765efea743b3d791"
  dependencies:
    babel-runtime "^6.23.0"
    doubt "^0.26.0"
    falzy "^0.19.0"
    protype "^0.21.0"
    raze "^0.29.0"
    truly "^0.18.0"

defyn@^0.3.0:
  version "0.3.0"
  resolved "https://registry.yarnpkg.com/defyn/-/defyn-0.3.0.tgz#521bdce072f49df0dba1131caa62a6301d891951"
  dependencies:
    allkey "^0.2.0"
    anykey "^0.2.0"
    asyum "^0.5.0"
    babel-runtime "^6.23.0"
    dscrb "^0.3.0"
    falzy "^0.19.0"
    harden "^0.21.0"
    kein "^0.25.0"
    protype "^0.21.0"
    truly "^0.18.0"
    wichevr "^0.9.0"
    zelf "^0.11.0"

dephall@^0.30.0:
  version "0.30.0"
  resolved "https://registry.yarnpkg.com/dephall/-/dephall-0.30.0.tgz#2823fe3d31eb6f78bea4018189096210ef8cb115"
  dependencies:
    arid "^0.25.0"
    babel-runtime "^6.23.0"
    doubt "^0.26.0"
    falze "^0.22.0"
    leveld "^0.4.0"
    pyck "^0.28.0"
    raze "^0.29.0"
    truly "^0.18.0"
    zelf "^0.11.0"

depher@^0.32.0:
  version "0.32.0"
  resolved "https://registry.yarnpkg.com/depher/-/depher-0.32.0.tgz#a733aedfe565c6483ddfe4ab6a5da27573442adf"
  dependencies:
    babel-runtime "^6.23.0"
    dephall "^0.30.0"
    doubt "^0.26.0"
    falze "^0.22.0"
    raze "^0.29.0"
    zelf "^0.11.0"

doubt@^0.26.0:
  version "0.26.0"
  resolved "https://registry.yarnpkg.com/doubt/-/doubt-0.26.0.tgz#467a4c4470f39a66258675d62c796769a5f2be48"
  dependencies:
    babel-runtime "^6.23.0"
    cemento "^0.15.0"
    circular-json "^0.3.1"
    falzy "^0.19.0"
    harden "^0.21.0"
    khount "^0.0.0"
    protype "^0.21.0"
    stringe "^0.3.0"
    truly "^0.18.0"

dscrb@^0.3.0:
  version "0.3.0"
  resolved "https://registry.yarnpkg.com/dscrb/-/dscrb-0.3.0.tgz#1c5059aaa24fd457a4b9772e8708d786ef73dc56"
  dependencies:
    allkey "^0.2.0"
    anykey "^0.2.0"
    babel-runtime "^6.23.0"
    falzy "^0.19.0"
    harden "^0.21.0"
    kein "^0.25.0"
    protype "^0.21.0"
    zelf "^0.11.0"

een@^0.18.0:
  version "0.18.0"
  resolved "https://registry.yarnpkg.com/een/-/een-0.18.0.tgz#a70ecdb5deff1f2edaeeacecd48001188a89639b"
  dependencies:
    babel-runtime "^6.23.0"
    doubt "^0.26.0"
    eqe "^0.2.0"
    protype "^0.21.0"
    raze "^0.29.0"
    truly "^0.18.0"

emoji-regex@^8.0.0:
  version "8.0.0"
  resolved "https://registry.yarnpkg.com/emoji-regex/-/emoji-regex-8.0.0.tgz#e818fd69ce5ccfcb404594f842963bf53164cc37"
  integrity sha512-MSjYzcWNOA0ewAHpz0MxpYFvwg6yjy1NG3xteoqz644VCo/RPgnr1/GGt+ic3iJTzQ8Eu3TdM14SawnVUmGE6A==

empt@^0.22.0:
  version "0.22.0"
  resolved "https://registry.yarnpkg.com/empt/-/empt-0.22.0.tgz#76ef79eae7440fd8bfbd815813127006808f0374"
  dependencies:
    babel-runtime "^6.23.0"
    doubt "^0.26.0"
    kount "^0.10.0"
    protype "^0.21.0"

eqe@^0.2.0:
  version "0.2.0"
  resolved "https://registry.yarnpkg.com/eqe/-/eqe-0.2.0.tgz#5727b518c9aebd66de1c1b1263f770424ef97a12"
  dependencies:
    babel-runtime "^6.23.0"
    nafe "^0.2.0"
    protype "^0.21.0"
    stringe "^0.3.0"

falze@^0.22.0:
  version "0.22.0"
  resolved "https://registry.yarnpkg.com/falze/-/falze-0.22.0.tgz#5de6fd771271eea39a52147e7a3488301f615cdf"
  dependencies:
    arid "^0.25.0"
    babel-runtime "^6.23.0"
    doubt "^0.26.0"
    empt "^0.22.0"
    falzy "^0.19.0"
    protype "^0.21.0"

falzy@^0.19.0:
  version "0.19.0"
  resolved "https://registry.yarnpkg.com/falzy/-/falzy-0.19.0.tgz#772829b05585450ca5b1a9436de0ff40cf5819cb"
  dependencies:
    babel-runtime "^6.23.0"

filled@^0.21.0:
  version "0.21.0"
  resolved "https://registry.yarnpkg.com/filled/-/filled-0.21.0.tgz#e6498c2947ae22ffaa453d74b084113c16e73fb4"
  dependencies:
    arkount "^0.7.0"
    babel-runtime "^6.23.0"
    doubt "^0.26.0"

find-up@^4.1.0:
  version "4.1.0"
  resolved "https://registry.yarnpkg.com/find-up/-/find-up-4.1.0.tgz#97afe7d6cdc0bc5928584b7c8d7b16e8a9aa5d19"
  integrity sha512-PpOwAdQ/YlXQ2vj8a3h8IipDuYRi3wceVQQGYWxNINccq40Anw7BlsEXCMbt1Zt+OLA6Fq9suIpIWD0OsnISlw==
  dependencies:
    locate-path "^5.0.0"
    path-exists "^4.0.0"

fname@^0.8.0:
  version "0.8.0"
  resolved "https://registry.yarnpkg.com/fname/-/fname-0.8.0.tgz#48832f5b45d50e3966df7332c8b4b325a62caf7d"
  dependencies:
    babel-runtime "^6.23.0"
    falzy "^0.19.0"
    mtch "^0.1.0"
    nmde "^0.0.0"
    protype "^0.21.0"

fnamed@^0.8.0:
  version "0.8.0"
  resolved "https://registry.yarnpkg.com/fnamed/-/fnamed-0.8.0.tgz#c4efeecee9f5fddc6b32e184bd1b8d29b5050277"
  dependencies:
    babel-runtime "^6.23.0"
    falzy "^0.19.0"
    fname "^0.8.0"
    protype "^0.21.0"
    truly "^0.18.0"

get-caller-file@^2.0.1:
  version "2.0.5"
  resolved "https://registry.yarnpkg.com/get-caller-file/-/get-caller-file-2.0.5.tgz#4f94412a82db32f36e3b0b9741f8a97feb031f7e"
  integrity sha512-DyFP3BM/3YHTQOCUL/w0OZHR0lpKeGrxotcHWcqNEdnltqFwXVfhEBQ94eIo34AfQpo0rGki4cyIiftY06h2Fg==

gnaw@^0.15.0:
  version "0.15.0"
  resolved "https://registry.yarnpkg.com/gnaw/-/gnaw-0.15.0.tgz#bc564426d1c9120291d6fb3e885de8d159cc8234"
  dependencies:
    clazof "^0.27.0"
    depher "^0.32.0"
    falzy "^0.19.0"
    harden "^0.21.0"
    letgo "^0.29.0"
    optall "^0.22.0"
    protype "^0.21.0"
    raze "^0.29.0"
    truly "^0.18.0"
    zelf "^0.11.0"

harden@^0.21.0:
  version "0.21.0"
  resolved "https://registry.yarnpkg.com/harden/-/harden-0.21.0.tgz#c3ca5e255e440fc5e6e996acb21515bb892bff49"
  dependencies:
    babel-runtime "^6.23.0"

impel@^0.14.0:
  version "0.14.0"
  resolved "https://registry.yarnpkg.com/impel/-/impel-0.14.0.tgz#0f4bf0f03a66d03a6682f1960bfd9572dd0a1188"
  dependencies:
    babel-runtime "^6.23.0"
    falzy "^0.19.0"
    protype "^0.21.0"
    wichevr "^0.9.0"
    zelf "^0.11.0"

is-fullwidth-code-point@^3.0.0:
  version "3.0.0"
  resolved "https://registry.yarnpkg.com/is-fullwidth-code-point/-/is-fullwidth-code-point-3.0.0.tgz#f116f8064fe90b3f7844a38997c0b75051269f1d"
  integrity sha512-zymm5+u+sCsSWyD9qNaejV3DFvhCKclKdizYaJUuHA83RLjb7nSuGnddCHGv0hk+KY7BMAlsWeK4Ueg6EV6XQg==

kein@^0.25.0:
  version "0.25.0"
  resolved "https://registry.yarnpkg.com/kein/-/kein-0.25.0.tgz#f756e6a3278394e9d1827005c610dda3b4baacda"
  dependencies:
    babel-runtime "^6.23.0"
    falzy "^0.19.0"
    fnamed "^0.8.0"
    portel "^0.3.0"
    protype "^0.21.0"
    zelf "^0.11.0"

khount@^0.0.0:
  version "0.0.0"
  resolved "https://registry.yarnpkg.com/khount/-/khount-0.0.0.tgz#7c7f369ae5d0ef5499dca14eeb168bb4b4b29e6d"
  dependencies:
    babel-runtime "^6.23.0"

kloak@^0.22.0:
  version "0.22.0"
  resolved "https://registry.yarnpkg.com/kloak/-/kloak-0.22.0.tgz#2ff7fd51d39c0b5fbed64bf22e4aa9cc3036df5d"
  dependencies:
    babel-runtime "^6.23.0"
    burne "^0.1.0"
    cagd "^0.1.0"
    falzy "^0.19.0"
    fname "^0.8.0"
    impel "^0.14.0"
    mrkd "^0.4.0"
    protype "^0.21.0"
    transpher "^0.24.0"
    truly "^0.18.0"
    wichevr "^0.9.0"

kount@^0.10.0:
  version "0.10.0"
  resolved "https://registry.yarnpkg.com/kount/-/kount-0.10.0.tgz#92f6dc18a5c8e8844e29a93aec268b58ad92f53b"
  dependencies:
    babel-runtime "^6.23.0"

letgo@^0.29.0:
  version "0.29.0"
  resolved "https://registry.yarnpkg.com/letgo/-/letgo-0.29.0.tgz#cc9fa207b9f77a833d9512e2de49758bb4278d40"
  dependencies:
    arid "^0.25.0"
    babel-runtime "^6.23.0"
    budge "^0.28.0"
    called "^0.26.0"
    depher "^0.32.0"
    filled "^0.21.0"
    harden "^0.21.0"
    protype "^0.21.0"
    truly "^0.18.0"
    zelf "^0.11.0"

leveld@^0.4.0:
  version "0.4.0"
  resolved "https://registry.yarnpkg.com/leveld/-/leveld-0.4.0.tgz#db734eb7bf847ef3ba3b9f8959669c254f18b8da"
  dependencies:
    arid "^0.25.0"
    babel-runtime "^6.23.0"
    decrease "^0.23.0"
    doubt "^0.26.0"
    falzy "^0.19.0"
    protype "^0.21.0"
    raze "^0.29.0"

locate-path@^5.0.0:
  version "5.0.0"
  resolved "https://registry.yarnpkg.com/locate-path/-/locate-path-5.0.0.tgz#1afba396afd676a6d42504d0a67a3a7eb9f62aa0"
  integrity sha512-t7hw9pI+WvuwNJXwk5zVHpyhIqzg2qTlklJOf0mVxGSbe3Fp2VieZcduNYjaLDoy6p9uGpQEGWG87WpMKlNq8g==
  dependencies:
    p-locate "^4.1.0"

mrkd@^0.4.0:
  version "0.4.0"
  resolved "https://registry.yarnpkg.com/mrkd/-/mrkd-0.4.0.tgz#3018911dafa59298019479c5f9b3938a802645fb"
  dependencies:
    babel-runtime "^6.23.0"
    depher "^0.32.0"
    falzy "^0.19.0"
    kein "^0.25.0"
    mtch "^0.1.0"
    protype "^0.21.0"
    raze "^0.29.0"
    zelf "^0.11.0"

mtch@^0.1.0:
  version "0.1.0"
  resolved "https://registry.yarnpkg.com/mtch/-/mtch-0.1.0.tgz#eed1a27b0f54228e580adb7b545e78600f1d36d2"
  dependencies:
    babel-runtime "^6.23.0"
    falzy "^0.19.0"
    protype "^0.21.0"
    raze "^0.29.0"
    stringe "^0.3.0"
    truly "^0.18.0"
    wichevr "^0.9.0"

nafe@^0.2.0:
  version "0.2.0"
  resolved "https://registry.yarnpkg.com/nafe/-/nafe-0.2.0.tgz#955067db4f11fde03ca0018540e60cbbab93ffdc"
  dependencies:
    babel-runtime "^6.23.0"
    falzy "^0.19.0"
    protype "^0.21.0"
    stringe "^0.3.0"

nmde@^0.0.0:
  version "0.0.0"
  resolved "https://registry.yarnpkg.com/nmde/-/nmde-0.0.0.tgz#173eb8d5b5dad6b7c403fcfd92f04616509c3326"
  dependencies:
    babel-runtime "^6.23.0"
    falzy "^0.19.0"
    protype "^0.21.0"
    truly "^0.18.0"

numric@^0.14.0:
  version "0.14.0"
  resolved "https://registry.yarnpkg.com/numric/-/numric-0.14.0.tgz#464d8b4821b4e5e68fcad278c646004de32f39a6"
  dependencies:
    babel-runtime "^6.23.0"
    protype "^0.21.0"
    stringe "^0.3.0"
    truly "^0.18.0"

optall@^0.22.0:
  version "0.22.0"
  resolved "https://registry.yarnpkg.com/optall/-/optall-0.22.0.tgz#1b38c64a9ba189023fcb2d846d31a4bf07ea755d"
  dependencies:
    babel-runtime "^6.23.0"
    doubt "^0.26.0"
    falze "^0.22.0"
    protype "^0.21.0"
    pyck "^0.28.0"
    zelf "^0.11.0"

p-limit@^2.2.0:
  version "2.3.0"
  resolved "https://registry.yarnpkg.com/p-limit/-/p-limit-2.3.0.tgz#3dd33c647a214fdfffd835933eb086da0dc21db1"
  integrity sha512-//88mFWSJx8lxCzwdAABTJL2MyWB12+eIY7MDL2SqLmAkeKU9qxRvWuSyTjm3FUmpBEMuFfckAIqEaVGUDxb6w==
  dependencies:
    p-try "^2.0.0"

p-locate@^4.1.0:
  version "4.1.0"
  resolved "https://registry.yarnpkg.com/p-locate/-/p-locate-4.1.0.tgz#a3428bb7088b3a60292f66919278b7c297ad4f07"
  integrity sha512-R79ZZ/0wAxKGu3oYMlz8jy/kbhsNrS7SKZ7PxEHBgJ5+F2mtFW2fK2cOtBh1cHYkQsbzFV7I+EoRKe6Yt0oK7A==
  dependencies:
    p-limit "^2.2.0"

p-try@^2.0.0:
  version "2.2.0"
  resolved "https://registry.yarnpkg.com/p-try/-/p-try-2.2.0.tgz#cb2868540e313d61de58fafbe35ce9004d5540e6"
  integrity sha512-R4nPAVTAU0B9D35/Gk3uJf/7XYbQcyohSKdvAxIRSNghFl4e71hVoGnBNQz9cWaXxO2I10KTC+3jMdvvoKw6dQ==

path-exists@^4.0.0:
  version "4.0.0"
  resolved "https://registry.yarnpkg.com/path-exists/-/path-exists-4.0.0.tgz#513bdbe2d3b95d7762e8c1137efa195c6c61b5b3"
  integrity sha512-ak9Qy5Q7jYb2Wwcey5Fpvg2KoAc/ZIhLSLOSBmRmygPsGwkVVt0fZa0qrtMz+m6tJTAHfZQ8FnmB4MG4LWy7/w==

portel@^0.3.0:
  version "0.3.0"
  resolved "https://registry.yarnpkg.com/portel/-/portel-0.3.0.tgz#532b5817ce5c1697fc65e34ca7eadb28c8e6152c"
  dependencies:
    babel-runtime "^6.23.0"
    protype "^0.21.0"

protease@^0.22.0:
  version "0.22.0"
  resolved "https://registry.yarnpkg.com/protease/-/protease-0.22.0.tgz#a01a828d24c7371e4ba89fe0ed383d4fbfbbf0b1"
  dependencies:
    babel-runtime "^6.23.0"
    falzy "^0.19.0"
    fname "^0.8.0"
    impel "^0.14.0"
    kein "^0.25.0"
    protype "^0.21.0"

protype@^0.21.0:
  version "0.21.0"
  resolved "https://registry.yarnpkg.com/protype/-/protype-0.21.0.tgz#958452abbaa6daaa8e79386179b220477e2dca7c"
  dependencies:
    babel-runtime "^6.23.0"
    cemento "^0.15.0"
    harden "^0.21.0"

pyck@^0.28.0:
  version "0.28.0"
  resolved "https://registry.yarnpkg.com/pyck/-/pyck-0.28.0.tgz#09993e612c69a0d30c6c00d07411e23601cb8c00"
  dependencies:
    babel-runtime "^6.23.0"
    clazof "^0.27.0"
    doubt "^0.26.0"
    falzy "^0.19.0"
    protype "^0.21.0"
    raze "^0.29.0"
    truly "^0.18.0"
    zelf "^0.11.0"

raze@^0.29.0:
  version "0.29.0"
  resolved "https://registry.yarnpkg.com/raze/-/raze-0.29.0.tgz#5a4fa7370aa77a1d40aa975d9a0cbbc88b9c042e"
  dependencies:
    babel-runtime "^6.23.0"
    doubt "^0.26.0"

regenerator-runtime@^0.10.0:
  version "0.10.5"
  resolved "https://registry.yarnpkg.com/regenerator-runtime/-/regenerator-runtime-0.10.5.tgz#336c3efc1220adcedda2c9fab67b5a7955a33658"

require-directory@^2.1.1:
  version "2.1.1"
  resolved "https://registry.yarnpkg.com/require-directory/-/require-directory-2.1.1.tgz#8c64ad5fd30dab1c976e2344ffe7f792a6a6df42"

require-main-filename@^2.0.0:
  version "2.0.0"
  resolved "https://registry.yarnpkg.com/require-main-filename/-/require-main-filename-2.0.0.tgz#d0b329ecc7cc0f61649f62215be69af54aa8989b"
  integrity sha512-NKN5kMDylKuldxYLSUfrbo5Tuzh4hd+2E8NPPX02mZtn1VuREQToYe/ZdlJy+J3uCpfaiGF05e7B8W0iXbQHmg==

set-blocking@^2.0.0:
  version "2.0.0"
  resolved "https://registry.yarnpkg.com/set-blocking/-/set-blocking-2.0.0.tgz#045f9782d011ae9a6803ddd382b24392b3d890f7"

string-width@^4.1.0, string-width@^4.2.0:
  version "4.2.2"
  resolved "https://registry.yarnpkg.com/string-width/-/string-width-4.2.2.tgz#dafd4f9559a7585cfba529c6a0a4f73488ebd4c5"
  integrity sha512-XBJbT3N4JhVumXE0eoLU9DCjcaF92KLNqTmFCnG1pf8duUxFGwtP6AD6nkjw9a3IdiRtL3E2w3JDiE/xi3vOeA==
  dependencies:
    emoji-regex "^8.0.0"
    is-fullwidth-code-point "^3.0.0"
    strip-ansi "^6.0.0"

stringe@^0.3.0:
  version "0.3.0"
  resolved "https://registry.yarnpkg.com/stringe/-/stringe-0.3.0.tgz#9246b545ac96d459643af40dacfdbb49ec172378"
  dependencies:
    babel-runtime "^6.23.0"

strip-ansi@^6.0.0:
  version "6.0.0"
  resolved "https://registry.yarnpkg.com/strip-ansi/-/strip-ansi-6.0.0.tgz#0b1571dd7669ccd4f3e06e14ef1eed26225ae532"
  integrity sha512-AuvKTrTfQNYNIctbR1K/YGTR1756GycPsg7b9bdV9Duqur4gv6aKqHXah67Z8ImS7WEz5QVcOtlfW2rZEugt6w==
  dependencies:
    ansi-regex "^5.0.0"

transpher@^0.24.0:
  version "0.24.0"
  resolved "https://registry.yarnpkg.com/transpher/-/transpher-0.24.0.tgz#3f968bd1c25b61bd336d5868c4178514a72b63d2"
  dependencies:
    babel-runtime "^6.23.0"
    coprop "^0.3.0"
    falzy "^0.19.0"
    kein "^0.25.0"
    wichevr "^0.9.0"

truly@^0.18.0:
  version "0.18.0"
  resolved "https://registry.yarnpkg.com/truly/-/truly-0.18.0.tgz#333c3f312083e31bbc601ccb95919ddafb14f4e3"
  dependencies:
    babel-runtime "^6.23.0"

wauker@^0.14.0:
  version "0.14.0"
  resolved "https://registry.yarnpkg.com/wauker/-/wauker-0.14.0.tgz#8769caec8c6e43a0eacafae0d62cff5c48baa03e"
  dependencies:
    babel-runtime "^6.23.0"
    een "^0.18.0"
    falzy "^0.19.0"
    protease "^0.22.0"
    protype "^0.21.0"

which-module@^2.0.0:
  version "2.0.0"
  resolved "https://registry.yarnpkg.com/which-module/-/which-module-2.0.0.tgz#d9ef07dce77b9902b8a3a8fa4b31c3e3f7e6e87a"

wichevr@^0.9.0:
  version "0.9.0"
  resolved "https://registry.yarnpkg.com/wichevr/-/wichevr-0.9.0.tgz#7aec8adf7b7becba997774a13cc10f88df89566f"
  dependencies:
    babel-runtime "^6.23.0"
    raze "^0.29.0"
    truly "^0.18.0"

wrap-ansi@^6.2.0:
  version "6.2.0"
  resolved "https://registry.yarnpkg.com/wrap-ansi/-/wrap-ansi-6.2.0.tgz#e9393ba07102e6c91a3b221478f0257cd2856e53"
  integrity sha512-r6lPcBGxZXlIcymEu7InxDMhdW0KDxpLgoFLcguasxCaJ/SOIZwINatK9KY/tf+ZrlywOKU0UDj3ATXUBfxJXA==
  dependencies:
    ansi-styles "^4.0.0"
    string-width "^4.1.0"
    strip-ansi "^6.0.0"

wrtble@^0.3.0:
  version "0.3.0"
  resolved "https://registry.yarnpkg.com/wrtble/-/wrtble-0.3.0.tgz#944a65b1bfe21f33b6da0e986e3d3c6c8f53ab82"
  dependencies:
    asyum "^0.5.0"
    babel-runtime "^6.23.0"
    dscrb "^0.3.0"
    zelf "^0.11.0"

y18n@^4.0.0:
  version "4.0.3"
  resolved "https://registry.yarnpkg.com/y18n/-/y18n-4.0.3.tgz#b5f259c82cd6e336921efd7bfd8bf560de9eeedf"
  integrity sha512-JKhqTOwSrqNA1NY5lSztJ1GrBiUodLMmIZuLiDaMRJ+itFd+ABVE8XBjOvIWL+rSqNDC74LCSFmlb/U4UZ4hJQ==

yargs-parser@^18.1.2:
  version "18.1.3"
  resolved "https://registry.yarnpkg.com/yargs-parser/-/yargs-parser-18.1.3.tgz#be68c4975c6b2abf469236b0c870362fab09a7b0"
  integrity sha512-o50j0JeToy/4K6OZcaQmW6lyXXKhq7csREXcDwk2omFPJEwUNOVtJKvmDr9EI1fAJZUyZcRF7kxGBWmRXudrCQ==
  dependencies:
    camelcase "^5.0.0"
    decamelize "^1.2.0"

yargs@^15.0.1:
  version "15.4.1"
  resolved "https://registry.yarnpkg.com/yargs/-/yargs-15.4.1.tgz#0d87a16de01aee9d8bec2bfbf74f67851730f4f8"
  integrity sha512-aePbxDmcYW++PaqBsJ+HYUFwCdv4LVvdnhBy78E57PIor8/OVvhMrADFFEDh8DHDFRv/O9i3lPhsENjO7QX0+A==
  dependencies:
    cliui "^6.0.0"
    decamelize "^1.2.0"
    find-up "^4.1.0"
    get-caller-file "^2.0.1"
    require-directory "^2.1.1"
    require-main-filename "^2.0.0"
    set-blocking "^2.0.0"
    string-width "^4.2.0"
    which-module "^2.0.0"
    y18n "^4.0.0"
    yargs-parser "^18.1.2"

zelf@^0.11.0:
  version "0.11.0"
  resolved "https://registry.yarnpkg.com/zelf/-/zelf-0.11.0.tgz#ff6967b0206f8de00354dd439eb98cc4c5a4415d"
  dependencies:
    asea "^0.13.0"
    babel-runtime "^6.23.0"
